
Microsoft Visual Studio Solution File, Format Version 12.00
# Visual Studio 2017
Project("{FAE04EC0-301F-11D3-BF4B-00C04F79EFBC}") = "Yondus_Arrow", "Yondus_Arrow.csproj", "{8FCE1783-1741-9B16-17CD-0A2F484E60BC}"
EndProject
Project("{FAE04EC0-301F-11D3-BF4B-00C04F79EFBC}") = "Yondus_Arrow.Editor", "Yondus_Arrow.Editor.csproj", "{BC3CF996-63D2-1832-C2F2-672F5F0CAC94}"
EndProject
Global
	GlobalSection(SolutionConfigurationPlatforms) = preSolution
		Debug|Any CPU = Debug|Any CPU
		Release|Any CPU = Release|Any CPU
	EndGlobalSection
	GlobalSection(ProjectConfigurationPlatforms) = postSolution
		{8FCE1783-1741-9B16-17CD-0A2F484E60BC}.Debug|Any CPU.ActiveCfg = Debug|Any CPU
		{8FCE1783-1741-9B16-17CD-0A2F484E60BC}.Debug|Any CPU.Build.0 = Debug|Any CPU
		{8FCE1783-1741-9B16-17CD-0A2F484E60BC}.Release|Any CPU.ActiveCfg = Release|Any CPU
		{8FCE1783-1741-9B16-17CD-0A2F484E60BC}.Release|Any CPU.Build.0 = Release|Any CPU
		{BC3CF996-63D2-1832-C2F2-672F5F0CAC94}.Debug|Any CPU.ActiveCfg = Debug|Any CPU
		{BC3CF996-63D2-1832-C2F2-672F5F0CAC94}.Debug|Any CPU.Build.0 = Debug|Any CPU
		{BC3CF996-63D2-1832-C2F2-672F5F0CAC94}.Release|Any CPU.ActiveCfg = Release|Any CPU
		{BC3CF996-63D2-1832-C2F2-672F5F0CAC94}.Release|Any CPU.Build.0 = Release|Any CPU
	EndGlobalSection
	GlobalSection(SolutionProperties) = preSolution
		HideSolutionNode = FALSE
	EndGlobalSection
EndGlobal
